
Microsoft Visual Studio Solution File, Format Version 12.00
# Visual Studio Version 16
VisualStudioVersion = 16.0.30717.126
MinimumVisualStudioVersion = 10.0.40219.1
Project("{8BC9CEB8-8B4A-11D0-8D11-00A0C91BC942}") = "ver_1.02", "ver_1.02.vcxproj", "{BF016B5C-30C6-4A72-8BD9-AEBD0A268685}"
EndProject
Global
	GlobalSection(SolutionConfigurationPlatforms) = preSolution
		Debug|x64 = Debug|x64
		Debug|x86 = Debug|x86
		Release|x64 = Release|x64
		Release|x86 = Release|x86
	EndGlobalSection
	GlobalSection(ProjectConfigurationPlatforms) = postSolution
		{BF016B5C-30C6-4A72-8BD9-AEBD0A268685}.Debug|x64.ActiveCfg = Debug|x64
		{BF016B5C-30C6-4A72-8BD9-AEBD0A268685}.Debug|x64.Build.0 = Debug|x64
		{BF016B5C-30C6-4A72-8BD9-AEBD0A268685}.Debug|x86.ActiveCfg = Debug|Win32
		{BF016B5C-30C6-4A72-8BD9-AEBD0A268685}.Debug|x86.Build.0 = Debug|Win32
		{BF016B5C-30C6-4A72-8BD9-AEBD0A268685}.Release|x64.ActiveCfg = Release|x64
		{BF016B5C-30C6-4A72-8BD9-AEBD0A268685}.Release|x64.Build.0 = Release|x64
		{BF016B5C-30C6-4A72-8BD9-AEBD0A268685}.Release|x86.ActiveCfg = Release|Win32
		{BF016B5C-30C6-4A72-8BD9-AEBD0A268685}.Release|x86.Build.0 = Release|Win32
	EndGlobalSection
	GlobalSection(SolutionProperties) = preSolution
		HideSolutionNode = FALSE
	EndGlobalSection
	GlobalSection(ExtensibilityGlobals) = postSolution
		SolutionGuid = {7D5E1634-F3D9-4BAF-9DD0-347871313BB1}
	EndGlobalSection
EndGlobal
